// !$*UTF8*$!
{
	archiveVersion = 1;
	classes = {
	};
	objectVersion = 56;
	objects = {

/* Begin PBXBuildFile section */
		EA360B312AD5DCA200933950 /* RegisterViewController.swift in Sources */ = {isa = PBXBuildFile; fileRef = EA360B302AD5DCA200933950 /* RegisterViewController.swift */; };
		EA360B332AD5DD0E00933950 /* LohinViewController.swift in Sources */ = {isa = PBXBuildFile; fileRef = EA360B322AD5DD0E00933950 /* LohinViewController.swift */; };
		EAF58D3B2AD5CABB00B0D09F /* AppDelegate.swift in Sources */ = {isa = PBXBuildFile; fileRef = EAF58D3A2AD5CABB00B0D09F /* AppDelegate.swift */; };
		EAF58D3D2AD5CABB00B0D09F /* SceneDelegate.swift in Sources */ = {isa = PBXBuildFile; fileRef = EAF58D3C2AD5CABB00B0D09F /* SceneDelegate.swift */; };
		EAF58D3F2AD5CABB00B0D09F /* ViewController.swift in Sources */ = {isa = PBXBuildFile; fileRef = EAF58D3E2AD5CABB00B0D09F /* ViewController.swift */; };
		EAF58D422AD5CABB00B0D09F /* Main.storyboard in Resources */ = {isa = PBXBuildFile; fileRef = EAF58D402AD5CABB00B0D09F /* Main.storyboard */; };
		EAF58D442AD5CABF00B0D09F /* Assets.xcassets in Resources */ = {isa = PBXBuildFile; fileRef = EAF58D432AD5CABF00B0D09F /* Assets.xcassets */; };
		EAF58D472AD5CABF00B0D09F /* LaunchScreen.storyboard in Resources */ = {isa = PBXBuildFile; fileRef = EAF58D452AD5CABF00B0D09F /* LaunchScreen.storyboard */; };
		EAF58D522AD5CAC000B0D09F /* UserLoginPageTests.swift in Sources */ = {isa = PBXBuildFile; fileRef = EAF58D512AD5CAC000B0D09F /* UserLoginPageTests.swift */; };
		EAF58D5C2AD5CAC000B0D09F /* UserLoginPageUITests.swift in Sources */ = {isa = PBXBuildFile; fileRef = EAF58D5B2AD5CAC000B0D09F /* UserLoginPageUITests.swift */; };
		EAF58D5E2AD5CAC000B0D09F /* UserLoginPageUITestsLaunchTests.swift in Sources */ = {isa = PBXBuildFile; fileRef = EAF58D5D2AD5CAC000B0D09F /* UserLoginPageUITestsLaunchTests.swift */; };
/* End PBXBuildFile section */

/* Begin PBXContainerItemProxy section */
		EAF58D4E2AD5CAC000B0D09F /* PBXContainerItemProxy */ = {
			isa = PBXContainerItemProxy;
			containerPortal = EAF58D2F2AD5CABA00B0D09F /* Project object */;
			proxyType = 1;
			remoteGlobalIDString = EAF58D362AD5CABB00B0D09F;
			remoteInfo = UserLoginPage;
		};
		EAF58D582AD5CAC000B0D09F /* PBXContainerItemProxy */ = {
			isa = PBXContainerItemProxy;
			containerPortal = EAF58D2F2AD5CABA00B0D09F /* Project object */;
			proxyType = 1;
			remoteGlobalIDString = EAF58D362AD5CABB00B0D09F;
			remoteInfo = UserLoginPage;
		};
/* End PBXContainerItemProxy section */

/* Begin PBXFileReference section */
		EA360B302AD5DCA200933950 /* RegisterViewController.swift */ = {isa = PBXFileReference; lastKnownFileType = sourcecode.swift; path = RegisterViewController.swift; sourceTree = "<group>"; };
		EA360B322AD5DD0E00933950 /* LohinViewController.swift */ = {isa = PBXFileReference; lastKnownFileType = sourcecode.swift; path = LohinViewController.swift; sourceTree = "<group>"; };
		EAF58D372AD5CABB00B0D09F /* UserLoginPage.app */ = {isa = PBXFileReference; explicitFileType = wrapper.application; includeInIndex = 0; path = UserLoginPage.app; sourceTree = BUILT_PRODUCTS_DIR; };
		EAF58D3A2AD5CABB00B0D09F /* AppDelegate.swift */ = {isa = PBXFileReference; lastKnownFileType = sourcecode.swift; path = AppDelegate.swift; sourceTree = "<group>"; };
		EAF58D3C2AD5CABB00B0D09F /* SceneDelegate.swift */ = {isa = PBXFileReference; lastKnownFileType = sourcecode.swift; path = SceneDelegate.swift; sourceTree = "<group>"; };
		EAF58D3E2AD5CABB00B0D09F /* ViewController.swift */ = {isa = PBXFileReference; lastKnownFileType = sourcecode.swift; path = ViewController.swift; sourceTree = "<group>"; };
		EAF58D412AD5CABB00B0D09F /* Base */ = {isa = PBXFileReference; lastKnownFileType = file.storyboard; name = Base; path = Base.lproj/Main.storyboard; sourceTree = "<group>"; };
		EAF58D432AD5CABF00B0D09F /* Assets.xcassets */ = {isa = PBXFileReference; lastKnownFileType = folder.assetcatalog; path = Assets.xcassets; sourceTree = "<group>"; };
		EAF58D462AD5CABF00B0D09F /* Base */ = {isa = PBXFileReference; lastKnownFileType = file.storyboard; name = Base; path = Base.lproj/LaunchScreen.storyboard; sourceTree = "<group>"; };
		EAF58D482AD5CABF00B0D09F /* Info.plist */ = {isa = PBXFileReference; lastKnownFileType = text.plist.xml; path = Info.plist; sourceTree = "<group>"; };
		EAF58D4D2AD5CAC000B0D09F /* UserLoginPageTests.xctest */ = {isa = PBXFileReference; explicitFileType = wrapper.cfbundle; includeInIndex = 0; path = UserLoginPageTests.xctest; sourceTree = BUILT_PRODUCTS_DIR; };
		EAF58D512AD5CAC000B0D09F /* UserLoginPageTests.swift */ = {isa = PBXFileReference; lastKnownFileType = sourcecode.swift; path = UserLoginPageTests.swift; sourceTree = "<group>"; };
		EAF58D572AD5CAC000B0D09F /* UserLoginPageUITests.xctest */ = {isa = PBXFileReference; explicitFileType = wrapper.cfbundle; includeInIndex = 0; path = UserLoginPageUITests.xctest; sourceTree = BUILT_PRODUCTS_DIR; };
		EAF58D5B2AD5CAC000B0D09F /* UserLoginPageUITests.swift */ = {isa = PBXFileReference; lastKnownFileType = sourcecode.swift; path = UserLoginPageUITests.swift; sourceTree = "<group>"; };
		EAF58D5D2AD5CAC000B0D09F /* UserLoginPageUITestsLaunchTests.swift */ = {isa = PBXFileReference; lastKnownFileType = sourcecode.swift; path = UserLoginPageUITestsLaunchTests.swift; sourceTree = "<group>"; };
/* End PBXFileReference section */

/* Begin PBXFrameworksBuildPhase section */
		EAF58D342AD5CABB00B0D09F /* Frameworks */ = {
			isa = PBXFrameworksBuildPhase;
			buildActionMask = 2147483647;
			files = (
			);
			runOnlyForDeploymentPostprocessing = 0;
		};
		EAF58D4A2AD5CAC000B0D09F /* Frameworks */ = {
			isa = PBXFrameworksBuildPhase;
			buildActionMask = 2147483647;
			files = (
			);
			runOnlyForDeploymentPostprocessing = 0;
		};
		EAF58D542AD5CAC000B0D09F /* Frameworks */ = {
			isa = PBXFrameworksBuildPhase;
			buildActionMask = 2147483647;
			files = (
			);
			runOnlyForDeploymentPostprocessing = 0;
		};
/* End PBXFrameworksBuildPhase section */

/* Begin PBXGroup section */
		EAF58D2E2AD5CABA00B0D09F = {
			isa = PBXGroup;
			children = (
				EAF58D392AD5CABB00B0D09F /* UserLoginPage */,
				EAF58D502AD5CAC000B0D09F /* UserLoginPageTests */,
				EAF58D5A2AD5CAC000B0D09F /* UserLoginPageUITests */,
				EAF58D382AD5CABB00B0D09F /* Products */,
			);
			sourceTree = "<group>";
		};
		EAF58D382AD5CABB00B0D09F /* Products */ = {
			isa = PBXGroup;
			children = (
				EAF58D372AD5CABB00B0D09F /* UserLoginPage.app */,
				EAF58D4D2AD5CAC000B0D09F /* UserLoginPageTests.xctest */,
				EAF58D572AD5CAC000B0D09F /* UserLoginPageUITests.xctest */,
			);
			name = Products;
			sourceTree = "<group>";
		};
		EAF58D392AD5CABB00B0D09F /* UserLoginPage */ = {
			isa = PBXGroup;
			children = (
				EAF58D3A2AD5CABB00B0D09F /* AppDelegate.swift */,
				EAF58D3C2AD5CABB00B0D09F /* SceneDelegate.swift */,
				EAF58D3E2AD5CABB00B0D09F /* ViewController.swift */,
				EA360B302AD5DCA200933950 /* RegisterViewController.swift */,
				EAF58D402AD5CABB00B0D09F /* Main.storyboard */,
				EA360B322AD5DD0E00933950 /* LohinViewController.swift */,
				EAF58D432AD5CABF00B0D09F /* Assets.xcassets */,
				EAF58D452AD5CABF00B0D09F /* LaunchScreen.storyboard */,
				EAF58D482AD5CABF00B0D09F /* Info.plist */,
			);
			path = UserLoginPage;
			sourceTree = "<group>";
		};
		EAF58D502AD5CAC000B0D09F /* UserLoginPageTests */ = {
			isa = PBXGroup;
			children = (
				EAF58D512AD5CAC000B0D09F /* UserLoginPageTests.swift */,
			);
			path = UserLoginPageTests;
			sourceTree = "<group>";
		};
		EAF58D5A2AD5CAC000B0D09F /* UserLoginPageUITests */ = {
			isa = PBXGroup;
			children = (
				EAF58D5B2AD5CAC000B0D09F /* UserLoginPageUITests.swift */,
				EAF58D5D2AD5CAC000B0D09F /* UserLoginPageUITestsLaunchTests.swift */,
			);
			path = UserLoginPageUITests;
			sourceTree = "<group>";
		};
/* End PBXGroup section */

/* Begin PBXNativeTarget section */
		EAF58D362AD5CABB00B0D09F /* UserLoginPage */ = {
			isa = PBXNativeTarget;
			buildConfigurationList = EAF58D612AD5CAC000B0D09F /* Build configuration list for PBXNativeTarget "UserLoginPage" */;
			buildPhases = (
				EAF58D332AD5CABB00B0D09F /* Sources */,
				EAF58D342AD5CABB00B0D09F /* Frameworks */,
				EAF58D352AD5CABB00B0D09F /* Resources */,
			);
			buildRules = (
			);
			dependencies = (
			);
			name = UserLoginPage;
			productName = UserLoginPage;
			productReference = EAF58D372AD5CABB00B0D09F /* UserLoginPage.app */;
			productType = "com.apple.product-type.application";
		};
		EAF58D4C2AD5CAC000B0D09F /* UserLoginPageTests */ = {
			isa = PBXNativeTarget;
			buildConfigurationList = EAF58D642AD5CAC000B0D09F /* Build configuration list for PBXNativeTarget "UserLoginPageTests" */;
			buildPhases = (
				EAF58D492AD5CAC000B0D09F /* Sources */,
				EAF58D4A2AD5CAC000B0D09F /* Frameworks */,
				EAF58D4B2AD5CAC000B0D09F /* Resources */,
			);
			buildRules = (
			);
			dependencies = (
				EAF58D4F2AD5CAC000B0D09F /* PBXTargetDependency */,
			);
			name = UserLoginPageTests;
			productName = UserLoginPageTests;
			productReference = EAF58D4D2AD5CAC000B0D09F /* UserLoginPageTests.xctest */;
			productType = "com.apple.product-type.bundle.unit-test";
		};
		EAF58D562AD5CAC000B0D09F /* UserLoginPageUITests */ = {
			isa = PBXNativeTarget;
			buildConfigurationList = EAF58D672AD5CAC000B0D09F /* Build configuration list for PBXNativeTarget "UserLoginPageUITests" */;
			buildPhases = (
				EAF58D532AD5CAC000B0D09F /* Sources */,
				EAF58D542AD5CAC000B0D09F /* Frameworks */,
				EAF58D552AD5CAC000B0D09F /* Resources */,
			);
			buildRules = (
			);
			dependencies = (
				EAF58D592AD5CAC000B0D09F /* PBXTargetDependency */,
			);
			name = UserLoginPageUITests;
			productName = UserLoginPageUITests;
			productReference = EAF58D572AD5CAC000B0D09F /* UserLoginPageUITests.xctest */;
			productType = "com.apple.product-type.bundle.ui-testing";
		};
/* End PBXNativeTarget section */

/* Begin PBXProject section */
		EAF58D2F2AD5CABA00B0D09F /* Project object */ = {
			isa = PBXProject;
			attributes = {
				BuildIndependentTargetsInParallel = 1;
				LastSwiftUpdateCheck = 1420;
				LastUpgradeCheck = 1420;
				TargetAttributes = {
					EAF58D362AD5CABB00B0D09F = {
						CreatedOnToolsVersion = 14.2;
					};
					EAF58D4C2AD5CAC000B0D09F = {
						CreatedOnToolsVersion = 14.2;
						TestTargetID = EAF58D362AD5CABB00B0D09F;
					};
					EAF58D562AD5CAC000B0D09F = {
						CreatedOnToolsVersion = 14.2;
						TestTargetID = EAF58D362AD5CABB00B0D09F;
					};
				};
			};
			buildConfigurationList = EAF58D322AD5CABB00B0D09F /* Build configuration list for PBXProject "UserLoginPage" */;
			compatibilityVersion = "Xcode 14.0";
			developmentRegion = en;
			hasScannedForEncodings = 0;
			knownRegions = (
				en,
				Base,
			);
			mainGroup = EAF58D2E2AD5CABA00B0D09F;
			productRefGroup = EAF58D382AD5CABB00B0D09F /* Products */;
			projectDirPath = "";
			projectRoot = "";
			targets = (
				EAF58D362AD5CABB00B0D09F /* UserLoginPage */,
				EAF58D4C2AD5CAC000B0D09F /* UserLoginPageTests */,
				EAF58D562AD5CAC000B0D09F /* UserLoginPageUITests */,
			);
		};
/* End PBXProject section */

/* Begin PBXResourcesBuildPhase section */
		EAF58D352AD5CABB00B0D09F /* Resources */ = {
			isa = PBXResourcesBuildPhase;
			buildActionMask = 2147483647;
			files = (
				EAF58D472AD5CABF00B0D09F /* LaunchScreen.storyboard in Resources */,
				EAF58D442AD5CABF00B0D09F /* Assets.xcassets in Resources */,
				EAF58D422AD5CABB00B0D09F /* Main.storyboard in Resources */,
			);
			runOnlyForDeploymentPostprocessing = 0;
		};
		EAF58D4B2AD5CAC000B0D09F /* Resources */ = {
			isa = PBXResourcesBuildPhase;
			buildActionMask = 2147483647;
			files = (
			);
			runOnlyForDeploymentPostprocessing = 0;
		};
		EAF58D552AD5CAC000B0D09F /* Resources */ = {
			isa = PBXResourcesBuildPhase;
			buildActionMask = 2147483647;
			files = (
			);
			runOnlyForDeploymentPostprocessing = 0;
		};
/* End PBXResourcesBuildPhase section */

/* Begin PBXSourcesBuildPhase section */
		EAF58D332AD5CABB00B0D09F /* Sources */ = {
			isa = PBXSourcesBuildPhase;
			buildActionMask = 2147483647;
			files = (
				EAF58D3F2AD5CABB00B0D09F /* ViewController.swift in Sources */,
				EAF58D3B2AD5CABB00B0D09F /* AppDelegate.swift in Sources */,
				EAF58D3D2AD5CABB00B0D09F /* SceneDelegate.swift in Sources */,
				EA360B332AD5DD0E00933950 /* LohinViewController.swift in Sources */,
				EA360B312AD5DCA200933950 /* RegisterViewController.swift in Sources */,
			);
			runOnlyForDeploymentPostprocessing = 0;
		};
		EAF58D492AD5CAC000B0D09F /* Sources */ = {
			isa = PBXSourcesBuildPhase;
			buildActionMask = 2147483647;
			files = (
				EAF58D522AD5CAC000B0D09F /* UserLoginPageTests.swift in Sources */,
			);
			runOnlyForDeploymentPostprocessing = 0;
		};
		EAF58D532AD5CAC000B0D09F /* Sources */ = {
			isa = PBXSourcesBuildPhase;
			buildActionMask = 2147483647;
			files = (
				EAF58D5E2AD5CAC000B0D09F /* UserLoginPageUITestsLaunchTests.swift in Sources */,
				EAF58D5C2AD5CAC000B0D09F /* UserLoginPageUITests.swift in Sources */,
			);
			runOnlyForDeploymentPostprocessing = 0;
		};
/* End PBXSourcesBuildPhase section */

/* Begin PBXTargetDependency section */
		EAF58D4F2AD5CAC000B0D09F /* PBXTargetDependency */ = {
			isa = PBXTargetDependency;
			target = EAF58D362AD5CABB00B0D09F /* UserLoginPage */;
			targetProxy = EAF58D4E2AD5CAC000B0D09F /* PBXContainerItemProxy */;
		};
		EAF58D592AD5CAC000B0D09F /* PBXTargetDependency */ = {
			isa = PBXTargetDependency;
			target = EAF58D362AD5CABB00B0D09F /* UserLoginPage */;
			targetProxy = EAF58D582AD5CAC000B0D09F /* PBXContainerItemProxy */;
		};
/* End PBXTargetDependency section */

/* Begin PBXVariantGroup section */
		EAF58D402AD5CABB00B0D09F /* Main.storyboard */ = {
			isa = PBXVariantGroup;
			children = (
				EAF58D412AD5CABB00B0D09F /* Base */,
			);
			name = Main.storyboard;
			sourceTree = "<group>";
		};
		EAF58D452AD5CABF00B0D09F /* LaunchScreen.storyboard */ = {
			isa = PBXVariantGroup;
			children = (
				EAF58D462AD5CABF00B0D09F /* Base */,
			);
			name = LaunchScreen.storyboard;
			sourceTree = "<group>";
		};
/* End PBXVariantGroup section */

/* Begin XCBuildConfiguration section */
		EAF58D5F2AD5CAC000B0D09F /* Debug */ = {
			isa = XCBuildConfiguration;
			buildSettings = {
				ALWAYS_SEARCH_USER_PATHS = NO;
				CLANG_ANALYZER_NONNULL = YES;
				CLANG_ANALYZER_NUMBER_OBJECT_CONVERSION = YES_AGGRESSIVE;
				CLANG_CXX_LANGUAGE_STANDARD = "gnu++20";
				CLANG_ENABLE_MODULES = YES;
				CLANG_ENABLE_OBJC_ARC = YES;
				CLANG_ENABLE_OBJC_WEAK = YES;
				CLANG_WARN_BLOCK_CAPTURE_AUTORELEASING = YES;
				CLANG_WARN_BOOL_CONVERSION = YES;
				CLANG_WARN_COMMA = YES;
				CLANG_WARN_CONSTANT_CONVERSION = YES;
				CLANG_WARN_DEPRECATED_OBJC_IMPLEMENTATIONS = YES;
				CLANG_WARN_DIRECT_OBJC_ISA_USAGE = YES_ERROR;
				CLANG_WARN_DOCUMENTATION_COMMENTS = YES;
				CLANG_WARN_EMPTY_BODY = YES;
				CLANG_WARN_ENUM_CONVERSION = YES;
				CLANG_WARN_INFINITE_RECURSION = YES;
				CLANG_WARN_INT_CONVERSION = YES;
				CLANG_WARN_NON_LITERAL_NULL_CONVERSION = YES;
				CLANG_WARN_OBJC_IMPLICIT_RETAIN_SELF = YES;
				CLANG_WARN_OBJC_LITERAL_CONVERSION = YES;
				CLANG_WARN_OBJC_ROOT_CLASS = YES_ERROR;
				CLANG_WARN_QUOTED_INCLUDE_IN_FRAMEWORK_HEADER = YES;
				CLANG_WARN_RANGE_LOOP_ANALYSIS = YES;
				CLANG_WARN_STRICT_PROTOTYPES = YES;
				CLANG_WARN_SUSPICIOUS_MOVE = YES;
				CLANG_WARN_UNGUARDED_AVAILABILITY = YES_AGGRESSIVE;
				CLANG_WARN_UNREACHABLE_CODE = YES;
				CLANG_WARN__DUPLICATE_METHOD_MATCH = YES;
				COPY_PHASE_STRIP = NO;
				DEBUG_INFORMATION_FORMAT = dwarf;
				ENABLE_STRICT_OBJC_MSGSEND = YES;
				ENABLE_TESTABILITY = YES;
				GCC_C_LANGUAGE_STANDARD = gnu11;
				GCC_DYNAMIC_NO_PIC = NO;
				GCC_NO_COMMON_BLOCKS = YES;
				GCC_OPTIMIZATION_LEVEL = 0;
				GCC_PREPROCESSOR_DEFINITIONS = (
					"DEBUG=1",
					"$(inherited)",
				);
				GCC_WARN_64_TO_32_BIT_CONVERSION = YES;
				GCC_WARN_ABOUT_RETURN_TYPE = YES_ERROR;
				GCC_WARN_UNDECLARED_SELECTOR = YES;
				GCC_WARN_UNINITIALIZED_AUTOS = YES_AGGRESSIVE;
				GCC_WARN_UNUSED_FUNCTION = YES;
				GCC_WARN_UNUSED_VARIABLE = YES;
				IPHONEOS_DEPLOYMENT_TARGET = 16.2;
				MTL_ENABLE_DEBUG_INFO = INCLUDE_SOURCE;
				MTL_FAST_MATH = YES;
				ONLY_ACTIVE_ARCH = YES;
				SDKROOT = iphoneos;
				SWIFT_ACTIVE_COMPILATION_CONDITIONS = DEBUG;
				SWIFT_OPTIMIZATION_LEVEL = "-Onone";
			};
			name = Debug;
		};
		EAF58D602AD5CAC000B0D09F /* Release */ = {
			isa = XCBuildConfiguration;
			buildSettings = {
				ALWAYS_SEARCH_USER_PATHS = NO;
				CLANG_ANALYZER_NONNULL = YES;
				CLANG_ANALYZER_NUMBER_OBJECT_CONVERSION = YES_AGGRESSIVE;
				CLANG_CXX_LANGUAGE_STANDARD = "gnu++20";
				CLANG_ENABLE_MODULES = YES;
				CLANG_ENABLE_OBJC_ARC = YES;
				CLANG_ENABLE_OBJC_WEAK = YES;
				CLANG_WARN_BLOCK_CAPTURE_AUTORELEASING = YES;
				CLANG_WARN_BOOL_CONVERSION = YES;
				CLANG_WARN_COMMA = YES;
				CLANG_WARN_CONSTANT_CONVERSION = YES;
				CLANG_WARN_DEPRECATED_OBJC_IMPLEMENTATIONS = YES;
				CLANG_WARN_DIRECT_OBJC_ISA_USAGE = YES_ERROR;
				CLANG_WARN_DOCUMENTATION_COMMENTS = YES;
				CLANG_WARN_EMPTY_BODY = YES;
				CLANG_WARN_ENUM_CONVERSION = YES;
				CLANG_WARN_INFINITE_RECURSION = YES;
				CLANG_WARN_INT_CONVERSION = YES;
				CLANG_WARN_NON_LITERAL_NULL_CONVERSION = YES;
				CLANG_WARN_OBJC_IMPLICIT_RETAIN_SELF = YES;
				CLANG_WARN_OBJC_LITERAL_CONVERSION = YES;
				CLANG_WARN_OBJC_ROOT_CLASS = YES_ERROR;
				CLANG_WARN_QUOTED_INCLUDE_IN_FRAMEWORK_HEADER = YES;
				CLANG_WARN_RANGE_LOOP_ANALYSIS = YES;
				CLANG_WARN_STRICT_PROTOTYPES = YES;
				CLANG_WARN_SUSPICIOUS_MOVE = YES;
				CLANG_WARN_UNGUARDED_AVAILABILITY = YES_AGGRESSIVE;
				CLANG_WARN_UNREACHABLE_CODE = YES;
				CLANG_WARN__DUPLICATE_METHOD_MATCH = YES;
				COPY_PHASE_STRIP = NO;
				DEBUG_INFORMATION_FORMAT = "dwarf-with-dsym";
				ENABLE_NS_ASSERTIONS = NO;
				ENABLE_STRICT_OBJC_MSGSEND = YES;
				GCC_C_LANGUAGE_STANDARD = gnu11;
				GCC_NO_COMMON_BLOCKS = YES;
				GCC_WARN_64_TO_32_BIT_CONVERSION = YES;
				GCC_WARN_ABOUT_RETURN_TYPE = YES_ERROR;
				GCC_WARN_UNDECLARED_SELECTOR = YES;
				GCC_WARN_UNINITIALIZED_AUTOS = YES_AGGRESSIVE;
				GCC_WARN_UNUSED_FUNCTION = YES;
				GCC_WARN_UNUSED_VARIABLE = YES;
				IPHONEOS_DEPLOYMENT_TARGET = 16.2;
				MTL_ENABLE_DEBUG_INFO = NO;
				MTL_FAST_MATH = YES;
				SDKROOT = iphoneos;
				SWIFT_COMPILATION_MODE = wholemodule;
				SWIFT_OPTIMIZATION_LEVEL = "-O";
				VALIDATE_PRODUCT = YES;
			};
			name = Release;
		};
		EAF58D622AD5CAC000B0D09F /* Debug */ = {
			isa = XCBuildConfiguration;
			buildSettings = {
				ASSETCATALOG_COMPILER_APPICON_NAME = AppIcon;
				ASSETCATALOG_COMPILER_GLOBAL_ACCENT_COLOR_NAME = AccentColor;
				CODE_SIGN_STYLE = Automatic;
				CURRENT_PROJECT_VERSION = 1;
				GENERATE_INFOPLIST_FILE = YES;
				INFOPLIST_FILE = UserLoginPage/Info.plist;
				INFOPLIST_KEY_UIApplicationSupportsIndirectInputEvents = YES;
				INFOPLIST_KEY_UILaunchStoryboardName = LaunchScreen;
				INFOPLIST_KEY_UIMainStoryboardFile = Main;
				INFOPLIST_KEY_UISupportedInterfaceOrientations_iPad = "UIInterfaceOrientationPortrait UIInterfaceOrientationPortraitUpsideDown UIInterfaceOrientationLandscapeLeft UIInterfaceOrientationLandscapeRight";
				INFOPLIST_KEY_UISupportedInterfaceOrientations_iPhone = "UIInterfaceOrientationPortrait UIInterfaceOrientationLandscapeLeft UIInterfaceOrientationLandscapeRight";
				LD_RUNPATH_SEARCH_PATHS = (
					"$(inherited)",
					"@executable_path/Frameworks",
				);
				MARKETING_VERSION = 1.0;
				PRODUCT_BUNDLE_IDENTIFIER = com.first.FirstApp.UserLoginPage;
				PRODUCT_NAME = "$(TARGET_NAME)";
				SWIFT_EMIT_LOC_STRINGS = YES;
				SWIFT_VERSION = 5.0;
				TARGETED_DEVICE_FAMILY = "1,2";
			};
			name = Debug;
		};
		EAF58D632AD5CAC000B0D09F /* Release */ = {
			isa = XCBuildConfiguration;
			buildSettings = {
				ASSETCATALOG_COMPILER_APPICON_NAME = AppIcon;
				ASSETCATALOG_COMPILER_GLOBAL_ACCENT_COLOR_NAME = AccentColor;
				CODE_SIGN_STYLE = Automatic;
				CURRENT_PROJECT_VERSION = 1;
				GENERATE_INFOPLIST_FILE = YES;
				INFOPLIST_FILE = UserLoginPage/Info.plist;
				INFOPLIST_KEY_UIApplicationSupportsIndirectInputEvents = YES;
				INFOPLIST_KEY_UILaunchStoryboardName = LaunchScreen;
				INFOPLIST_KEY_UIMainStoryboardFile = Main;
				INFOPLIST_KEY_UISupportedInterfaceOrientations_iPad = "UIInterfaceOrientationPortrait UIInterfaceOrientationPortraitUpsideDown UIInterfaceOrientationLandscapeLeft UIInterfaceOrientationLandscapeRight";
				INFOPLIST_KEY_UISupportedInterfaceOrientations_iPhone = "UIInterfaceOrientationPortrait UIInterfaceOrientationLandscapeLeft UIInterfaceOrientationLandscapeRight";
				LD_RUNPATH_SEARCH_PATHS = (
					"$(inherited)",
					"@executable_path/Frameworks",
				);
				MARKETING_VERSION = 1.0;
				PRODUCT_BUNDLE_IDENTIFIER = com.first.FirstApp.UserLoginPage;
				PRODUCT_NAME = "$(TARGET_NAME)";
				SWIFT_EMIT_LOC_STRINGS = YES;
				SWIFT_VERSION = 5.0;
				TARGETED_DEVICE_FAMILY = "1,2";
			};
			name = Release;
		};
		EAF58D652AD5CAC000B0D09F /* Debug */ = {
			isa = XCBuildConfiguration;
			buildSettings = {
				ALWAYS_EMBED_SWIFT_STANDARD_LIBRARIES = YES;
				BUNDLE_LOADER = "$(TEST_HOST)";
				CODE_SIGN_STYLE = Automatic;
				CURRENT_PROJECT_VERSION = 1;
				GENERATE_INFOPLIST_FILE = YES;
				IPHONEOS_DEPLOYMENT_TARGET = 16.2;
				MARKETING_VERSION = 1.0;
				PRODUCT_BUNDLE_IDENTIFIER = com.first.FirstApp.UserLoginPageTests;
				PRODUCT_NAME = "$(TARGET_NAME)";
				SWIFT_EMIT_LOC_STRINGS = NO;
				SWIFT_VERSION = 5.0;
				TARGETED_DEVICE_FAMILY = "1,2";
				TEST_HOST = "$(BUILT_PRODUCTS_DIR)/UserLoginPage.app/$(BUNDLE_EXECUTABLE_FOLDER_PATH)/UserLoginPage";
			};
			name = Debug;
		};
		EAF58D662AD5CAC000B0D09F /* Release */ = {
			isa = XCBuildConfiguration;
			buildSettings = {
				ALWAYS_EMBED_SWIFT_STANDARD_LIBRARIES = YES;
				BUNDLE_LOADER = "$(TEST_HOST)";
				CODE_SIGN_STYLE = Automatic;
				CURRENT_PROJECT_VERSION = 1;
				GENERATE_INFOPLIST_FILE = YES;
				IPHONEOS_DEPLOYMENT_TARGET = 16.2;
				MARKETING_VERSION = 1.0;
				PRODUCT_BUNDLE_IDENTIFIER = com.first.FirstApp.UserLoginPageTests;
				PRODUCT_NAME = "$(TARGET_NAME)";
				SWIFT_EMIT_LOC_STRINGS = NO;
				SWIFT_VERSION = 5.0;
				TARGETED_DEVICE_FAMILY = "1,2";
				TEST_HOST = "$(BUILT_PRODUCTS_DIR)/UserLoginPage.app/$(BUNDLE_EXECUTABLE_FOLDER_PATH)/UserLoginPage";
			};
			name = Release;
		};
		EAF58D682AD5CAC000B0D09F /* Debug */ = {
			isa = XCBuildConfiguration;
			buildSettings = {
				ALWAYS_EMBED_SWIFT_STANDARD_LIBRARIES = YES;
				CODE_SIGN_STYLE = Automatic;
				CURRENT_PROJECT_VERSION = 1;
				GENERATE_INFOPLIST_FILE = YES;
				MARKETING_VERSION = 1.0;
				PRODUCT_BUNDLE_IDENTIFIER = com.first.FirstApp.UserLoginPageUITests;
				PRODUCT_NAME = "$(TARGET_NAME)";
				SWIFT_EMIT_LOC_STRINGS = NO;
				SWIFT_VERSION = 5.0;
				TARGETED_DEVICE_FAMILY = "1,2";
				TEST_TARGET_NAME = UserLoginPage;
			};
			name = Debug;
		};
		EAF58D692AD5CAC000B0D09F /* Release */ = {
			isa = XCBuildConfiguration;
			buildSettings = {
				ALWAYS_EMBED_SWIFT_STANDARD_LIBRARIES = YES;
				CODE_SIGN_STYLE = Automatic;
				CURRENT_PROJECT_VERSION = 1;
				GENERATE_INFOPLIST_FILE = YES;
				MARKETING_VERSION = 1.0;
				PRODUCT_BUNDLE_IDENTIFIER = com.first.FirstApp.UserLoginPageUITests;
				PRODUCT_NAME = "$(TARGET_NAME)";
				SWIFT_EMIT_LOC_STRINGS = NO;
				SWIFT_VERSION = 5.0;
				TARGETED_DEVICE_FAMILY = "1,2";
				TEST_TARGET_NAME = UserLoginPage;
			};
			name = Release;
		};
/* End XCBuildConfiguration section */

/* Begin XCConfigurationList section */
		EAF58D322AD5CABB00B0D09F /* Build configuration list for PBXProject "UserLoginPage" */ = {
			isa = XCConfigurationList;
			buildConfigurations = (
				EAF58D5F2AD5CAC000B0D09F /* Debug */,
				EAF58D602AD5CAC000B0D09F /* Release */,
			);
			defaultConfigurationIsVisible = 0;
			defaultConfigurationName = Release;
		};
		EAF58D612AD5CAC000B0D09F /* Build configuration list for PBXNativeTarget "UserLoginPage" */ = {
			isa = XCConfigurationList;
			buildConfigurations = (
				EAF58D622AD5CAC000B0D09F /* Debug */,
				EAF58D632AD5CAC000B0D09F /* Release */,
			);
			defaultConfigurationIsVisible = 0;
			defaultConfigurationName = Release;
		};
		EAF58D642AD5CAC000B0D09F /* Build configuration list for PBXNativeTarget "UserLoginPageTests" */ = {
			isa = XCConfigurationList;
			buildConfigurations = (
				EAF58D652AD5CAC000B0D09F /* Debug */,
				EAF58D662AD5CAC000B0D09F /* Release */,
			);
			defaultConfigurationIsVisible = 0;
			defaultConfigurationName = Release;
		};
		EAF58D672AD5CAC000B0D09F /* Build configuration list for PBXNativeTarget "UserLoginPageUITests" */ = {
			isa = XCConfigurationList;
			buildConfigurations = (
				EAF58D682AD5CAC000B0D09F /* Debug */,
				EAF58D692AD5CAC000B0D09F /* Release */,
			);
			defaultConfigurationIsVisible = 0;
			defaultConfigurationName = Release;
		};
/* End XCConfigurationList section */
	};
	rootObject = EAF58D2F2AD5CABA00B0D09F /* Project object */;
}
